
Microsoft Visual Studio Solution File, Format Version 12.00
# Visual Studio Version 16
VisualStudioVersion = 16.0.31515.178
MinimumVisualStudioVersion = 10.0.40219.1
Project("{8BC9CEB8-8B4A-11D0-8D11-00A0C91BC942}") = "Lesson1", "Lesson1\Lesson1.vcxproj", "{003E2161-418D-4F1C-B1FE-45B98F7EB0FD}"
EndProject
Project("{8BC9CEB8-8B4A-11D0-8D11-00A0C91BC942}") = "Lesson2", "Lesson2\Lesson2.vcxproj", "{2CDB24DD-F401-4233-A0B9-B18654E40E2F}"
EndProject
Project("{8BC9CEB8-8B4A-11D0-8D11-00A0C91BC942}") = "Lesson3", "Lesson3\Lesson3.vcxproj", "{41E1721B-36DC-4455-B720-9CD763B11901}"
EndProject
Project("{8BC9CEB8-8B4A-11D0-8D11-00A0C91BC942}") = "Lesson4", "Lesson4\Lesson4.vcxproj", "{66B5824E-B7D0-4CC8-869E-378488D2B0C9}"
EndProject
Global
	GlobalSection(SolutionConfigurationPlatforms) = preSolution
		Debug|x64 = Debug|x64
		Debug|x86 = Debug|x86
		Release|x64 = Release|x64
		Release|x86 = Release|x86
	EndGlobalSection
	GlobalSection(ProjectConfigurationPlatforms) = postSolution
		{003E2161-418D-4F1C-B1FE-45B98F7EB0FD}.Debug|x64.ActiveCfg = Debug|x64
		{003E2161-418D-4F1C-B1FE-45B98F7EB0FD}.Debug|x64.Build.0 = Debug|x64
		{003E2161-418D-4F1C-B1FE-45B98F7EB0FD}.Debug|x86.ActiveCfg = Debug|Win32
		{003E2161-418D-4F1C-B1FE-45B98F7EB0FD}.Debug|x86.Build.0 = Debug|Win32
		{003E2161-418D-4F1C-B1FE-45B98F7EB0FD}.Release|x64.ActiveCfg = Release|x64
		{003E2161-418D-4F1C-B1FE-45B98F7EB0FD}.Release|x64.Build.0 = Release|x64
		{003E2161-418D-4F1C-B1FE-45B98F7EB0FD}.Release|x86.ActiveCfg = Release|Win32
		{003E2161-418D-4F1C-B1FE-45B98F7EB0FD}.Release|x86.Build.0 = Release|Win32
		{2CDB24DD-F401-4233-A0B9-B18654E40E2F}.Debug|x64.ActiveCfg = Debug|x64
		{2CDB24DD-F401-4233-A0B9-B18654E40E2F}.Debug|x64.Build.0 = Debug|x64
		{2CDB24DD-F401-4233-A0B9-B18654E40E2F}.Debug|x86.ActiveCfg = Debug|Win32
		{2CDB24DD-F401-4233-A0B9-B18654E40E2F}.Debug|x86.Build.0 = Debug|Win32
		{2CDB24DD-F401-4233-A0B9-B18654E40E2F}.Release|x64.ActiveCfg = Release|x64
		{2CDB24DD-F401-4233-A0B9-B18654E40E2F}.Release|x64.Build.0 = Release|x64
		{2CDB24DD-F401-4233-A0B9-B18654E40E2F}.Release|x86.ActiveCfg = Release|Win32
		{2CDB24DD-F401-4233-A0B9-B18654E40E2F}.Release|x86.Build.0 = Release|Win32
		{41E1721B-36DC-4455-B720-9CD763B11901}.Debug|x64.ActiveCfg = Debug|x64
		{41E1721B-36DC-4455-B720-9CD763B11901}.Debug|x64.Build.0 = Debug|x64
		{41E1721B-36DC-4455-B720-9CD763B11901}.Debug|x86.ActiveCfg = Debug|Win32
		{41E1721B-36DC-4455-B720-9CD763B11901}.Debug|x86.Build.0 = Debug|Win32
		{41E1721B-36DC-4455-B720-9CD763B11901}.Release|x64.ActiveCfg = Release|x64
		{41E1721B-36DC-4455-B720-9CD763B11901}.Release|x64.Build.0 = Release|x64
		{41E1721B-36DC-4455-B720-9CD763B11901}.Release|x86.ActiveCfg = Release|Win32
		{41E1721B-36DC-4455-B720-9CD763B11901}.Release|x86.Build.0 = Release|Win32
		{66B5824E-B7D0-4CC8-869E-378488D2B0C9}.Debug|x64.ActiveCfg = Debug|x64
		{66B5824E-B7D0-4CC8-869E-378488D2B0C9}.Debug|x64.Build.0 = Debug|x64
		{66B5824E-B7D0-4CC8-869E-378488D2B0C9}.Debug|x86.ActiveCfg = Debug|Win32
		{66B5824E-B7D0-4CC8-869E-378488D2B0C9}.Debug|x86.Build.0 = Debug|Win32
		{66B5824E-B7D0-4CC8-869E-378488D2B0C9}.Release|x64.ActiveCfg = Release|x64
		{66B5824E-B7D0-4CC8-869E-378488D2B0C9}.Release|x64.Build.0 = Release|x64
		{66B5824E-B7D0-4CC8-869E-378488D2B0C9}.Release|x86.ActiveCfg = Release|Win32
		{66B5824E-B7D0-4CC8-869E-378488D2B0C9}.Release|x86.Build.0 = Release|Win32
	EndGlobalSection
	GlobalSection(SolutionProperties) = preSolution
		HideSolutionNode = FALSE
	EndGlobalSection
	GlobalSection(ExtensibilityGlobals) = postSolution
		SolutionGuid = {D1623535-BDBD-4775-BA1E-EAB912BF2D99}
	EndGlobalSection
EndGlobal
